// !$*UTF8*$!
{
	archiveVersion = 1;
	classes = {
	};
	objectVersion = 46;
	objects = {

/* Begin PBXBuildFile section */
		F45508E31EE0017F00BBD592 /* RectPalette.m in Sources */ = {isa = PBXBuildFile; fileRef = F45508E21EE0017F00BBD592 /* RectPalette.m */; };
		F482050A1EDF36020062A672 /* SPViewController.m in Sources */ = {isa = PBXBuildFile; fileRef = F48205091EDF36020062A672 /* SPViewController.m */; };
		F482050F1EDFD15F0062A672 /* HBar.m in Sources */ = {isa = PBXBuildFile; fileRef = F482050E1EDFD15F0062A672 /* HBar.m */; };
		F4F9AED81EDD503A00D24D4A /* AppDelegate.m in Sources */ = {isa = PBXBuildFile; fileRef = F4F9AED71EDD503A00D24D4A /* AppDelegate.m */; };
		F4F9AEDB1EDD503A00D24D4A /* main.m in Sources */ = {isa = PBXBuildFile; fileRef = F4F9AEDA1EDD503A00D24D4A /* main.m */; };
		F4F9AEE01EDD503A00D24D4A /* Assets.xcassets in Resources */ = {isa = PBXBuildFile; fileRef = F4F9AEDF1EDD503A00D24D4A /* Assets.xcassets */; };
		F4F9AEE31EDD503A00D24D4A /* Main.storyboard in Resources */ = {isa = PBXBuildFile; fileRef = F4F9AEE11EDD503A00D24D4A /* Main.storyboard */; };
		F4F9AEEE1EDD503A00D24D4A /* ColorAssistorTests.m in Sources */ = {isa = PBXBuildFile; fileRef = F4F9AEED1EDD503A00D24D4A /* ColorAssistorTests.m */; };
		F4F9AEF91EDD503A00D24D4A /* ColorAssistorUITests.m in Sources */ = {isa = PBXBuildFile; fileRef = F4F9AEF81EDD503A00D24D4A /* ColorAssistorUITests.m */; };
		F4F9AF081EDD5D7E00D24D4A /* RPalette.m in Sources */ = {isa = PBXBuildFile; fileRef = F4F9AF071EDD5D7E00D24D4A /* RPalette.m */; };
/* End PBXBuildFile section */

/* Begin PBXContainerItemProxy section */
		F4F9AEEA1EDD503A00D24D4A /* PBXContainerItemProxy */ = {
			isa = PBXContainerItemProxy;
			containerPortal = F4F9AECB1EDD503A00D24D4A /* Project object */;
			proxyType = 1;
			remoteGlobalIDString = F4F9AED21EDD503A00D24D4A;
			remoteInfo = ColorAssistor;
		};
		F4F9AEF51EDD503A00D24D4A /* PBXContainerItemProxy */ = {
			isa = PBXContainerItemProxy;
			containerPortal = F4F9AECB1EDD503A00D24D4A /* Project object */;
			proxyType = 1;
			remoteGlobalIDString = F4F9AED21EDD503A00D24D4A;
			remoteInfo = ColorAssistor;
		};
/* End PBXContainerItemProxy section */

/* Begin PBXFileReference section */
		F45508E11EE0017F00BBD592 /* RectPalette.h */ = {isa = PBXFileReference; fileEncoding = 4; lastKnownFileType = sourcecode.c.h; path = RectPalette.h; sourceTree = "<group>"; };
		F45508E21EE0017F00BBD592 /* RectPalette.m */ = {isa = PBXFileReference; fileEncoding = 4; lastKnownFileType = sourcecode.c.objc; path = RectPalette.m; sourceTree = "<group>"; };
		F48205081EDF36020062A672 /* SPViewController.h */ = {isa = PBXFileReference; fileEncoding = 4; lastKnownFileType = sourcecode.c.h; path = SPViewController.h; sourceTree = "<group>"; };
		F48205091EDF36020062A672 /* SPViewController.m */ = {isa = PBXFileReference; fileEncoding = 4; lastKnownFileType = sourcecode.c.objc; path = SPViewController.m; sourceTree = "<group>"; };
		F482050D1EDFD15F0062A672 /* HBar.h */ = {isa = PBXFileReference; fileEncoding = 4; lastKnownFileType = sourcecode.c.h; path = HBar.h; sourceTree = "<group>"; };
		F482050E1EDFD15F0062A672 /* HBar.m */ = {isa = PBXFileReference; fileEncoding = 4; lastKnownFileType = sourcecode.c.objc; path = HBar.m; sourceTree = "<group>"; };
		F4F9AED31EDD503A00D24D4A /* ColorAssistor.app */ = {isa = PBXFileReference; explicitFileType = wrapper.application; includeInIndex = 0; path = ColorAssistor.app; sourceTree = BUILT_PRODUCTS_DIR; };
		F4F9AED61EDD503A00D24D4A /* AppDelegate.h */ = {isa = PBXFileReference; lastKnownFileType = sourcecode.c.h; path = AppDelegate.h; sourceTree = "<group>"; };
		F4F9AED71EDD503A00D24D4A /* AppDelegate.m */ = {isa = PBXFileReference; lastKnownFileType = sourcecode.c.objc; path = AppDelegate.m; sourceTree = "<group>"; };
		F4F9AEDA1EDD503A00D24D4A /* main.m */ = {isa = PBXFileReference; lastKnownFileType = sourcecode.c.objc; path = main.m; sourceTree = "<group>"; };
		F4F9AEDF1EDD503A00D24D4A /* Assets.xcassets */ = {isa = PBXFileReference; lastKnownFileType = folder.assetcatalog; path = Assets.xcassets; sourceTree = "<group>"; };
		F4F9AEE21EDD503A00D24D4A /* Base */ = {isa = PBXFileReference; lastKnownFileType = file.storyboard; name = Base; path = Base.lproj/Main.storyboard; sourceTree = "<group>"; };
		F4F9AEE41EDD503A00D24D4A /* Info.plist */ = {isa = PBXFileReference; lastKnownFileType = text.plist.xml; path = Info.plist; sourceTree = "<group>"; };
		F4F9AEE91EDD503A00D24D4A /* ColorAssistorTests.xctest */ = {isa = PBXFileReference; explicitFileType = wrapper.cfbundle; includeInIndex = 0; path = ColorAssistorTests.xctest; sourceTree = BUILT_PRODUCTS_DIR; };
		F4F9AEED1EDD503A00D24D4A /* ColorAssistorTests.m */ = {isa = PBXFileReference; lastKnownFileType = sourcecode.c.objc; path = ColorAssistorTests.m; sourceTree = "<group>"; };
		F4F9AEEF1EDD503A00D24D4A /* Info.plist */ = {isa = PBXFileReference; lastKnownFileType = text.plist.xml; path = Info.plist; sourceTree = "<group>"; };
		F4F9AEF41EDD503A00D24D4A /* ColorAssistorUITests.xctest */ = {isa = PBXFileReference; explicitFileType = wrapper.cfbundle; includeInIndex = 0; path = ColorAssistorUITests.xctest; sourceTree = BUILT_PRODUCTS_DIR; };
		F4F9AEF81EDD503A00D24D4A /* ColorAssistorUITests.m */ = {isa = PBXFileReference; lastKnownFileType = sourcecode.c.objc; path = ColorAssistorUITests.m; sourceTree = "<group>"; };
		F4F9AEFA1EDD503A00D24D4A /* Info.plist */ = {isa = PBXFileReference; lastKnownFileType = text.plist.xml; path = Info.plist; sourceTree = "<group>"; };
		F4F9AF061EDD5D7E00D24D4A /* RPalette.h */ = {isa = PBXFileReference; fileEncoding = 4; lastKnownFileType = sourcecode.c.h; path = RPalette.h; sourceTree = "<group>"; };
		F4F9AF071EDD5D7E00D24D4A /* RPalette.m */ = {isa = PBXFileReference; fileEncoding = 4; lastKnownFileType = sourcecode.c.objc; path = RPalette.m; sourceTree = "<group>"; };
/* End PBXFileReference section */

/* Begin PBXFrameworksBuildPhase section */
		F4F9AED01EDD503A00D24D4A /* Frameworks */ = {
			isa = PBXFrameworksBuildPhase;
			buildActionMask = 2147483647;
			files = (
			);
			runOnlyForDeploymentPostprocessing = 0;
		};
		F4F9AEE61EDD503A00D24D4A /* Frameworks */ = {
			isa = PBXFrameworksBuildPhase;
			buildActionMask = 2147483647;
			files = (
			);
			runOnlyForDeploymentPostprocessing = 0;
		};
		F4F9AEF11EDD503A00D24D4A /* Frameworks */ = {
			isa = PBXFrameworksBuildPhase;
			buildActionMask = 2147483647;
			files = (
			);
			runOnlyForDeploymentPostprocessing = 0;
		};
/* End PBXFrameworksBuildPhase section */

/* Begin PBXGroup section */
		F4F9AECA1EDD503A00D24D4A = {
			isa = PBXGroup;
			children = (
				F4F9AED51EDD503A00D24D4A /* ColorAssistor */,
				F4F9AEEC1EDD503A00D24D4A /* ColorAssistorTests */,
				F4F9AEF71EDD503A00D24D4A /* ColorAssistorUITests */,
				F4F9AED41EDD503A00D24D4A /* Products */,
			);
			sourceTree = "<group>";
		};
		F4F9AED41EDD503A00D24D4A /* Products */ = {
			isa = PBXGroup;
			children = (
				F4F9AED31EDD503A00D24D4A /* ColorAssistor.app */,
				F4F9AEE91EDD503A00D24D4A /* ColorAssistorTests.xctest */,
				F4F9AEF41EDD503A00D24D4A /* ColorAssistorUITests.xctest */,
			);
			name = Products;
			sourceTree = "<group>";
		};
		F4F9AED51EDD503A00D24D4A /* ColorAssistor */ = {
			isa = PBXGroup;
			children = (
				F4F9AED61EDD503A00D24D4A /* AppDelegate.h */,
				F45508E11EE0017F00BBD592 /* RectPalette.h */,
				F45508E21EE0017F00BBD592 /* RectPalette.m */,
				F4F9AED71EDD503A00D24D4A /* AppDelegate.m */,
				F4F9AEDF1EDD503A00D24D4A /* Assets.xcassets */,
				F482050D1EDFD15F0062A672 /* HBar.h */,
				F482050E1EDFD15F0062A672 /* HBar.m */,
				F4F9AEE41EDD503A00D24D4A /* Info.plist */,
				F4F9AEE11EDD503A00D24D4A /* Main.storyboard */,
				F4F9AF061EDD5D7E00D24D4A /* RPalette.h */,
				F4F9AF071EDD5D7E00D24D4A /* RPalette.m */,
				F48205081EDF36020062A672 /* SPViewController.h */,
				F48205091EDF36020062A672 /* SPViewController.m */,
				F4F9AED91EDD503A00D24D4A /* Supporting Files */,
			);
			path = ColorAssistor;
			sourceTree = "<group>";
		};
		F4F9AED91EDD503A00D24D4A /* Supporting Files */ = {
			isa = PBXGroup;
			children = (
				F4F9AEDA1EDD503A00D24D4A /* main.m */,
			);
			name = "Supporting Files";
			sourceTree = "<group>";
		};
		F4F9AEEC1EDD503A00D24D4A /* ColorAssistorTests */ = {
			isa = PBXGroup;
			children = (
				F4F9AEED1EDD503A00D24D4A /* ColorAssistorTests.m */,
				F4F9AEEF1EDD503A00D24D4A /* Info.plist */,
			);
			path = ColorAssistorTests;
			sourceTree = "<group>";
		};
		F4F9AEF71EDD503A00D24D4A /* ColorAssistorUITests */ = {
			isa = PBXGroup;
			children = (
				F4F9AEF81EDD503A00D24D4A /* ColorAssistorUITests.m */,
				F4F9AEFA1EDD503A00D24D4A /* Info.plist */,
			);
			path = ColorAssistorUITests;
			sourceTree = "<group>";
		};
/* End PBXGroup section */

/* Begin PBXNativeTarget section */
		F4F9AED21EDD503A00D24D4A /* ColorAssistor */ = {
			isa = PBXNativeTarget;
			buildConfigurationList = F4F9AEFD1EDD503A00D24D4A /* Build configuration list for PBXNativeTarget "ColorAssistor" */;
			buildPhases = (
				F4F9AECF1EDD503A00D24D4A /* Sources */,
				F4F9AED01EDD503A00D24D4A /* Frameworks */,
				F4F9AED11EDD503A00D24D4A /* Resources */,
			);
			buildRules = (
			);
			dependencies = (
			);
			name = ColorAssistor;
			productName = ColorAssistor;
			productReference = F4F9AED31EDD503A00D24D4A /* ColorAssistor.app */;
			productType = "com.apple.product-type.application";
		};
		F4F9AEE81EDD503A00D24D4A /* ColorAssistorTests */ = {
			isa = PBXNativeTarget;
			buildConfigurationList = F4F9AF001EDD503A00D24D4A /* Build configuration list for PBXNativeTarget "ColorAssistorTests" */;
			buildPhases = (
				F4F9AEE51EDD503A00D24D4A /* Sources */,
				F4F9AEE61EDD503A00D24D4A /* Frameworks */,
				F4F9AEE71EDD503A00D24D4A /* Resources */,
			);
			buildRules = (
			);
			dependencies = (
				F4F9AEEB1EDD503A00D24D4A /* PBXTargetDependency */,
			);
			name = ColorAssistorTests;
			productName = ColorAssistorTests;
			productReference = F4F9AEE91EDD503A00D24D4A /* ColorAssistorTests.xctest */;
			productType = "com.apple.product-type.bundle.unit-test";
		};
		F4F9AEF31EDD503A00D24D4A /* ColorAssistorUITests */ = {
			isa = PBXNativeTarget;
			buildConfigurationList = F4F9AF031EDD503A00D24D4A /* Build configuration list for PBXNativeTarget "ColorAssistorUITests" */;
			buildPhases = (
				F4F9AEF01EDD503A00D24D4A /* Sources */,
				F4F9AEF11EDD503A00D24D4A /* Frameworks */,
				F4F9AEF21EDD503A00D24D4A /* Resources */,
			);
			buildRules = (
			);
			dependencies = (
				F4F9AEF61EDD503A00D24D4A /* PBXTargetDependency */,
			);
			name = ColorAssistorUITests;
			productName = ColorAssistorUITests;
			productReference = F4F9AEF41EDD503A00D24D4A /* ColorAssistorUITests.xctest */;
			productType = "com.apple.product-type.bundle.ui-testing";
		};
/* End PBXNativeTarget section */

/* Begin PBXProject section */
		F4F9AECB1EDD503A00D24D4A /* Project object */ = {
			isa = PBXProject;
			attributes = {
				LastUpgradeCheck = 0820;
				ORGANIZATIONNAME = mac;
				TargetAttributes = {
					F4F9AED21EDD503A00D24D4A = {
						CreatedOnToolsVersion = 8.2.1;
						ProvisioningStyle = Automatic;
					};
					F4F9AEE81EDD503A00D24D4A = {
						CreatedOnToolsVersion = 8.2.1;
						ProvisioningStyle = Automatic;
						TestTargetID = F4F9AED21EDD503A00D24D4A;
					};
					F4F9AEF31EDD503A00D24D4A = {
						CreatedOnToolsVersion = 8.2.1;
						ProvisioningStyle = Automatic;
						TestTargetID = F4F9AED21EDD503A00D24D4A;
					};
				};
			};
			buildConfigurationList = F4F9AECE1EDD503A00D24D4A /* Build configuration list for PBXProject "ColorAssistor" */;
			compatibilityVersion = "Xcode 3.2";
			developmentRegion = English;
			hasScannedForEncodings = 0;
			knownRegions = (
				en,
				Base,
			);
			mainGroup = F4F9AECA1EDD503A00D24D4A;
			productRefGroup = F4F9AED41EDD503A00D24D4A /* Products */;
			projectDirPath = "";
			projectRoot = "";
			targets = (
				F4F9AED21EDD503A00D24D4A /* ColorAssistor */,
				F4F9AEE81EDD503A00D24D4A /* ColorAssistorTests */,
				F4F9AEF31EDD503A00D24D4A /* ColorAssistorUITests */,
			);
		};
/* End PBXProject section */

/* Begin PBXResourcesBuildPhase section */
		F4F9AED11EDD503A00D24D4A /* Resources */ = {
			isa = PBXResourcesBuildPhase;
			buildActionMask = 2147483647;
			files = (
				F4F9AEE01EDD503A00D24D4A /* Assets.xcassets in Resources */,
				F4F9AEE31EDD503A00D24D4A /* Main.storyboard in Resources */,
			);
			runOnlyForDeploymentPostprocessing = 0;
		};
		F4F9AEE71EDD503A00D24D4A /* Resources */ = {
			isa = PBXResourcesBuildPhase;
			buildActionMask = 2147483647;
			files = (
			);
			runOnlyForDeploymentPostprocessing = 0;
		};
		F4F9AEF21EDD503A00D24D4A /* Resources */ = {
			isa = PBXResourcesBuildPhase;
			buildActionMask = 2147483647;
			files = (
			);
			runOnlyForDeploymentPostprocessing = 0;
		};
/* End PBXResourcesBuildPhase section */

/* Begin PBXSourcesBuildPhase section */
		F4F9AECF1EDD503A00D24D4A /* Sources */ = {
			isa = PBXSourcesBuildPhase;
			buildActionMask = 2147483647;
			files = (
				F482050A1EDF36020062A672 /* SPViewController.m in Sources */,
				F482050F1EDFD15F0062A672 /* HBar.m in Sources */,
				F45508E31EE0017F00BBD592 /* RectPalette.m in Sources */,
				F4F9AEDB1EDD503A00D24D4A /* main.m in Sources */,
				F4F9AF081EDD5D7E00D24D4A /* RPalette.m in Sources */,
				F4F9AED81EDD503A00D24D4A /* AppDelegate.m in Sources */,
			);
			runOnlyForDeploymentPostprocessing = 0;
		};
		F4F9AEE51EDD503A00D24D4A /* Sources */ = {
			isa = PBXSourcesBuildPhase;
			buildActionMask = 2147483647;
			files = (
				F4F9AEEE1EDD503A00D24D4A /* ColorAssistorTests.m in Sources */,
			);
			runOnlyForDeploymentPostprocessing = 0;
		};
		F4F9AEF01EDD503A00D24D4A /* Sources */ = {
			isa = PBXSourcesBuildPhase;
			buildActionMask = 2147483647;
			files = (
				F4F9AEF91EDD503A00D24D4A /* ColorAssistorUITests.m in Sources */,
			);
			runOnlyForDeploymentPostprocessing = 0;
		};
/* End PBXSourcesBuildPhase section */

/* Begin PBXTargetDependency section */
		F4F9AEEB1EDD503A00D24D4A /* PBXTargetDependency */ = {
			isa = PBXTargetDependency;
			target = F4F9AED21EDD503A00D24D4A /* ColorAssistor */;
			targetProxy = F4F9AEEA1EDD503A00D24D4A /* PBXContainerItemProxy */;
		};
		F4F9AEF61EDD503A00D24D4A /* PBXTargetDependency */ = {
			isa = PBXTargetDependency;
			target = F4F9AED21EDD503A00D24D4A /* ColorAssistor */;
			targetProxy = F4F9AEF51EDD503A00D24D4A /* PBXContainerItemProxy */;
		};
/* End PBXTargetDependency section */

/* Begin PBXVariantGroup section */
		F4F9AEE11EDD503A00D24D4A /* Main.storyboard */ = {
			isa = PBXVariantGroup;
			children = (
				F4F9AEE21EDD503A00D24D4A /* Base */,
			);
			name = Main.storyboard;
			sourceTree = "<group>";
		};
/* End PBXVariantGroup section */

/* Begin XCBuildConfiguration section */
		F4F9AEFB1EDD503A00D24D4A /* Debug */ = {
			isa = XCBuildConfiguration;
			buildSettings = {
				ALWAYS_SEARCH_USER_PATHS = NO;
				CLANG_ANALYZER_NONNULL = YES;
				CLANG_CXX_LANGUAGE_STANDARD = "gnu++0x";
				CLANG_CXX_LIBRARY = "libc++";
				CLANG_ENABLE_MODULES = YES;
				CLANG_ENABLE_OBJC_ARC = YES;
				CLANG_WARN_BOOL_CONVERSION = YES;
				CLANG_WARN_CONSTANT_CONVERSION = YES;
				CLANG_WARN_DIRECT_OBJC_ISA_USAGE = YES_ERROR;
				CLANG_WARN_DOCUMENTATION_COMMENTS = YES;
				CLANG_WARN_EMPTY_BODY = YES;
				CLANG_WARN_ENUM_CONVERSION = YES;
				CLANG_WARN_INFINITE_RECURSION = YES;
				CLANG_WARN_INT_CONVERSION = YES;
				CLANG_WARN_OBJC_ROOT_CLASS = YES_ERROR;
				CLANG_WARN_SUSPICIOUS_MOVE = YES;
				CLANG_WARN_UNREACHABLE_CODE = YES;
				CLANG_WARN__DUPLICATE_METHOD_MATCH = YES;
				CODE_SIGN_IDENTITY = "-";
				COPY_PHASE_STRIP = NO;
				DEBUG_INFORMATION_FORMAT = dwarf;
				ENABLE_STRICT_OBJC_MSGSEND = YES;
				ENABLE_TESTABILITY = YES;
				GCC_C_LANGUAGE_STANDARD = gnu99;
				GCC_DYNAMIC_NO_PIC = NO;
				GCC_NO_COMMON_BLOCKS = YES;
				GCC_OPTIMIZATION_LEVEL = 0;
				GCC_PREPROCESSOR_DEFINITIONS = (
					"DEBUG=1",
					"$(inherited)",
				);
				GCC_WARN_64_TO_32_BIT_CONVERSION = YES;
				GCC_WARN_ABOUT_RETURN_TYPE = YES_ERROR;
				GCC_WARN_UNDECLARED_SELECTOR = YES;
				GCC_WARN_UNINITIALIZED_AUTOS = YES_AGGRESSIVE;
				GCC_WARN_UNUSED_FUNCTION = YES;
				GCC_WARN_UNUSED_VARIABLE = YES;
				MACOSX_DEPLOYMENT_TARGET = 10.12;
				MTL_ENABLE_DEBUG_INFO = YES;
				ONLY_ACTIVE_ARCH = YES;
				SDKROOT = macosx;
			};
			name = Debug;
		};
		F4F9AEFC1EDD503A00D24D4A /* Release */ = {
			isa = XCBuildConfiguration;
			buildSettings = {
				ALWAYS_SEARCH_USER_PATHS = NO;
				CLANG_ANALYZER_NONNULL = YES;
				CLANG_CXX_LANGUAGE_STANDARD = "gnu++0x";
				CLANG_CXX_LIBRARY = "libc++";
				CLANG_ENABLE_MODULES = YES;
				CLANG_ENABLE_OBJC_ARC = YES;
				CLANG_WARN_BOOL_CONVERSION = YES;
				CLANG_WARN_CONSTANT_CONVERSION = YES;
				CLANG_WARN_DIRECT_OBJC_ISA_USAGE = YES_ERROR;
				CLANG_WARN_DOCUMENTATION_COMMENTS = YES;
				CLANG_WARN_EMPTY_BODY = YES;
				CLANG_WARN_ENUM_CONVERSION = YES;
				CLANG_WARN_INFINITE_RECURSION = YES;
				CLANG_WARN_INT_CONVERSION = YES;
				CLANG_WARN_OBJC_ROOT_CLASS = YES_ERROR;
				CLANG_WARN_SUSPICIOUS_MOVE = YES;
				CLANG_WARN_UNREACHABLE_CODE = YES;
				CLANG_WARN__DUPLICATE_METHOD_MATCH = YES;
				CODE_SIGN_IDENTITY = "-";
				COPY_PHASE_STRIP = NO;
				DEBUG_INFORMATION_FORMAT = "dwarf-with-dsym";
				ENABLE_NS_ASSERTIONS = NO;
				ENABLE_STRICT_OBJC_MSGSEND = YES;
				GCC_C_LANGUAGE_STANDARD = gnu99;
				GCC_NO_COMMON_BLOCKS = YES;
				GCC_WARN_64_TO_32_BIT_CONVERSION = YES;
				GCC_WARN_ABOUT_RETURN_TYPE = YES_ERROR;
				GCC_WARN_UNDECLARED_SELECTOR = YES;
				GCC_WARN_UNINITIALIZED_AUTOS = YES_AGGRESSIVE;
				GCC_WARN_UNUSED_FUNCTION = YES;
				GCC_WARN_UNUSED_VARIABLE = YES;
				MACOSX_DEPLOYMENT_TARGET = 10.12;
				MTL_ENABLE_DEBUG_INFO = NO;
				SDKROOT = macosx;
			};
			name = Release;
		};
		F4F9AEFE1EDD503A00D24D4A /* Debug */ = {
			isa = XCBuildConfiguration;
			buildSettings = {
				ASSETCATALOG_COMPILER_APPICON_NAME = AppIcon;
				COMBINE_HIDPI_IMAGES = YES;
				INFOPLIST_FILE = ColorAssistor/Info.plist;
				LD_RUNPATH_SEARCH_PATHS = "$(inherited) @executable_path/../Frameworks";
				PRODUCT_BUNDLE_IDENTIFIER = wx.ColorAssistor;
				PRODUCT_NAME = "$(TARGET_NAME)";
			};
			name = Debug;
		};
		F4F9AEFF1EDD503A00D24D4A /* Release */ = {
			isa = XCBuildConfiguration;
			buildSettings = {
				ASSETCATALOG_COMPILER_APPICON_NAME = AppIcon;
				COMBINE_HIDPI_IMAGES = YES;
				INFOPLIST_FILE = ColorAssistor/Info.plist;
				LD_RUNPATH_SEARCH_PATHS = "$(inherited) @executable_path/../Frameworks";
				PRODUCT_BUNDLE_IDENTIFIER = wx.ColorAssistor;
				PRODUCT_NAME = "$(TARGET_NAME)";
			};
			name = Release;
		};
		F4F9AF011EDD503A00D24D4A /* Debug */ = {
			isa = XCBuildConfiguration;
			buildSettings = {
				BUNDLE_LOADER = "$(TEST_HOST)";
				COMBINE_HIDPI_IMAGES = YES;
				INFOPLIST_FILE = ColorAssistorTests/Info.plist;
				LD_RUNPATH_SEARCH_PATHS = "$(inherited) @executable_path/../Frameworks @loader_path/../Frameworks";
				PRODUCT_BUNDLE_IDENTIFIER = wx.ColorAssistorTests;
				PRODUCT_NAME = "$(TARGET_NAME)";
				TEST_HOST = "$(BUILT_PRODUCTS_DIR)/ColorAssistor.app/Contents/MacOS/ColorAssistor";
			};
			name = Debug;
		};
		F4F9AF021EDD503A00D24D4A /* Release */ = {
			isa = XCBuildConfiguration;
			buildSettings = {
				BUNDLE_LOADER = "$(TEST_HOST)";
				COMBINE_HIDPI_IMAGES = YES;
				INFOPLIST_FILE = ColorAssistorTests/Info.plist;
				LD_RUNPATH_SEARCH_PATHS = "$(inherited) @executable_path/../Frameworks @loader_path/../Frameworks";
				PRODUCT_BUNDLE_IDENTIFIER = wx.ColorAssistorTests;
				PRODUCT_NAME = "$(TARGET_NAME)";
				TEST_HOST = "$(BUILT_PRODUCTS_DIR)/ColorAssistor.app/Contents/MacOS/ColorAssistor";
			};
			name = Release;
		};
		F4F9AF041EDD503A00D24D4A /* Debug */ = {
			isa = XCBuildConfiguration;
			buildSettings = {
				COMBINE_HIDPI_IMAGES = YES;
				INFOPLIST_FILE = ColorAssistorUITests/Info.plist;
				LD_RUNPATH_SEARCH_PATHS = "$(inherited) @executable_path/../Frameworks @loader_path/../Frameworks";
				PRODUCT_BUNDLE_IDENTIFIER = wx.ColorAssistorUITests;
				PRODUCT_NAME = "$(TARGET_NAME)";
				TEST_TARGET_NAME = ColorAssistor;
			};
			name = Debug;
		};
		F4F9AF051EDD503A00D24D4A /* Release */ = {
			isa = XCBuildConfiguration;
			buildSettings = {
				COMBINE_HIDPI_IMAGES = YES;
				INFOPLIST_FILE = ColorAssistorUITests/Info.plist;
				LD_RUNPATH_SEARCH_PATHS = "$(inherited) @executable_path/../Frameworks @loader_path/../Frameworks";
				PRODUCT_BUNDLE_IDENTIFIER = wx.ColorAssistorUITests;
				PRODUCT_NAME = "$(TARGET_NAME)";
				TEST_TARGET_NAME = ColorAssistor;
			};
			name = Release;
		};
/* End XCBuildConfiguration section */

/* Begin XCConfigurationList section */
		F4F9AECE1EDD503A00D24D4A /* Build configuration list for PBXProject "ColorAssistor" */ = {
			isa = XCConfigurationList;
			buildConfigurations = (
				F4F9AEFB1EDD503A00D24D4A /* Debug */,
				F4F9AEFC1EDD503A00D24D4A /* Release */,
			);
			defaultConfigurationIsVisible = 0;
			defaultConfigurationName = Release;
		};
		F4F9AEFD1EDD503A00D24D4A /* Build configuration list for PBXNativeTarget "ColorAssistor" */ = {
			isa = XCConfigurationList;
			buildConfigurations = (
				F4F9AEFE1EDD503A00D24D4A /* Debug */,
				F4F9AEFF1EDD503A00D24D4A /* Release */,
			);
			defaultConfigurationIsVisible = 0;
			defaultConfigurationName = Release;
		};
		F4F9AF001EDD503A00D24D4A /* Build configuration list for PBXNativeTarget "ColorAssistorTests" */ = {
			isa = XCConfigurationList;
			buildConfigurations = (
				F4F9AF011EDD503A00D24D4A /* Debug */,
				F4F9AF021EDD503A00D24D4A /* Release */,
			);
			defaultConfigurationIsVisible = 0;
			defaultConfigurationName = Release;
		};
		F4F9AF031EDD503A00D24D4A /* Build configuration list for PBXNativeTarget "ColorAssistorUITests" */ = {
			isa = XCConfigurationList;
			buildConfigurations = (
				F4F9AF041EDD503A00D24D4A /* Debug */,
				F4F9AF051EDD503A00D24D4A /* Release */,
			);
			defaultConfigurationIsVisible = 0;
			defaultConfigurationName = Release;
		};
/* End XCConfigurationList section */
	};
	rootObject = F4F9AECB1EDD503A00D24D4A /* Project object */;
}
